github.com/go-chi/chi/v5 v5.2.1 h1:KOIHODQj58PmL80G2Eak4WdvUzjSJSm0vG72crDCqb8=
github.com/go-chi/chi/v5 v5.2.1/go.mod h1:L2yAIGWB3H+phAw1NxKwWM+7eUH/lU8pOMm5hHcoops=
github.com/gofiber/schema v1.3.0 h1:K3F3wYzAY+aivfCCEHPufCthu5/13r/lzp1nuk6mr3Q=
github.com/gofiber/schema v1.3.0/go.mod h1:YYwj01w3hVfaNjhtJzaqetymL56VW642YS3qZPhuE6c=
